
Microsoft Visual Studio Solution File, Format Version 12.00
# Visual Studio 2012
Project("{FAE04EC0-301F-11D3-BF4B-00C04F79EFBC}") = "BasicCustomTask", "BasicCustomTask\BasicCustomTask.csproj", "{5A12D800-C6B3-42FF-B2D9-CF0F4B511983}"
EndProject
Project("{FAE04EC0-301F-11D3-BF4B-00C04F79EFBC}") = "BasicCustomTask.Tests", "BasicCustomTask.Tests\BasicCustomTask.Tests.csproj", "{9B3DA259-6E72-429E-AD1B-B5FCF6D0DB16}"
EndProject
Project("{2150E333-8FDC-42A3-9474-1A3956D46DE8}") = "Solution Items", "Solution Items", "{0C0B26E1-F722-423B-A493-4B2A4496BEAA}"
	ProjectSection(SolutionItems) = preProject
		build.cake = build.cake
	EndProjectSection
EndProject
Global
	GlobalSection(SolutionConfigurationPlatforms) = preSolution
		Debug|Any CPU = Debug|Any CPU
		Release|Any CPU = Release|Any CPU
	EndGlobalSection
	GlobalSection(ProjectConfigurationPlatforms) = postSolution
		{5A12D800-C6B3-42FF-B2D9-CF0F4B511983}.Debug|Any CPU.ActiveCfg = Debug|Any CPU
		{5A12D800-C6B3-42FF-B2D9-CF0F4B511983}.Debug|Any CPU.Build.0 = Debug|Any CPU
		{5A12D800-C6B3-42FF-B2D9-CF0F4B511983}.Release|Any CPU.ActiveCfg = Release|Any CPU
		{5A12D800-C6B3-42FF-B2D9-CF0F4B511983}.Release|Any CPU.Build.0 = Release|Any CPU
		{9B3DA259-6E72-429E-AD1B-B5FCF6D0DB16}.Debug|Any CPU.ActiveCfg = Debug|Any CPU
		{9B3DA259-6E72-429E-AD1B-B5FCF6D0DB16}.Debug|Any CPU.Build.0 = Debug|Any CPU
		{9B3DA259-6E72-429E-AD1B-B5FCF6D0DB16}.Release|Any CPU.ActiveCfg = Release|Any CPU
		{9B3DA259-6E72-429E-AD1B-B5FCF6D0DB16}.Release|Any CPU.Build.0 = Release|Any CPU
	EndGlobalSection
EndGlobal
